
Microsoft Visual Studio Solution File, Format Version 12.00
# Visual Studio Version 17
VisualStudioVersion = 17.6.33829.357
MinimumVisualStudioVersion = 10.0.40219.1
Project("{FAE04EC0-301F-11D3-BF4B-00C04F79EFBC}") = "PatronFactory", "PatronFactory.csproj", "{99470D8D-DABA-4950-BC43-B4EEB46736A3}"
EndProject
Global
	GlobalSection(SolutionConfigurationPlatforms) = preSolution
		Debug|Any CPU = Debug|Any CPU
		Release|Any CPU = Release|Any CPU
	EndGlobalSection
	GlobalSection(ProjectConfigurationPlatforms) = postSolution
		{99470D8D-DABA-4950-BC43-B4EEB46736A3}.Debug|Any CPU.ActiveCfg = Debug|Any CPU
		{99470D8D-DABA-4950-BC43-B4EEB46736A3}.Debug|Any CPU.Build.0 = Debug|Any CPU
		{99470D8D-DABA-4950-BC43-B4EEB46736A3}.Release|Any CPU.ActiveCfg = Release|Any CPU
		{99470D8D-DABA-4950-BC43-B4EEB46736A3}.Release|Any CPU.Build.0 = Release|Any CPU
	EndGlobalSection
	GlobalSection(SolutionProperties) = preSolution
		HideSolutionNode = FALSE
	EndGlobalSection
	GlobalSection(ExtensibilityGlobals) = postSolution
		SolutionGuid = {E93C8555-4C76-4BC9-91B1-893DEADB3D65}
	EndGlobalSection
EndGlobal
